
Microsoft Visual Studio Solution File, Format Version 12.00
# Visual Studio Version 16
VisualStudioVersion = 16.0.29709.97
MinimumVisualStudioVersion = 10.0.40219.1
Project("{FAE04EC0-301F-11D3-BF4B-00C04F79EFBC}") = "TestAnimal", "TestAnimal\TestAnimal.csproj", "{93FA4B01-8EBB-4905-BB02-06A902C2FC47}"
EndProject
Project("{FAE04EC0-301F-11D3-BF4B-00C04F79EFBC}") = "TestImobil", "TestImobil\TestImobil.csproj", "{8CD8E595-BCD5-489C-964A-F2C5B099B6A4}"
EndProject
Global
	GlobalSection(SolutionConfigurationPlatforms) = preSolution
		Debug|Any CPU = Debug|Any CPU
		Release|Any CPU = Release|Any CPU
	EndGlobalSection
	GlobalSection(ProjectConfigurationPlatforms) = postSolution
		{93FA4B01-8EBB-4905-BB02-06A902C2FC47}.Debug|Any CPU.ActiveCfg = Debug|Any CPU
		{93FA4B01-8EBB-4905-BB02-06A902C2FC47}.Debug|Any CPU.Build.0 = Debug|Any CPU
		{93FA4B01-8EBB-4905-BB02-06A902C2FC47}.Release|Any CPU.ActiveCfg = Release|Any CPU
		{93FA4B01-8EBB-4905-BB02-06A902C2FC47}.Release|Any CPU.Build.0 = Release|Any CPU
		{8CD8E595-BCD5-489C-964A-F2C5B099B6A4}.Debug|Any CPU.ActiveCfg = Debug|Any CPU
		{8CD8E595-BCD5-489C-964A-F2C5B099B6A4}.Debug|Any CPU.Build.0 = Debug|Any CPU
		{8CD8E595-BCD5-489C-964A-F2C5B099B6A4}.Release|Any CPU.ActiveCfg = Release|Any CPU
		{8CD8E595-BCD5-489C-964A-F2C5B099B6A4}.Release|Any CPU.Build.0 = Release|Any CPU
	EndGlobalSection
	GlobalSection(SolutionProperties) = preSolution
		HideSolutionNode = FALSE
	EndGlobalSection
	GlobalSection(ExtensibilityGlobals) = postSolution
		SolutionGuid = {5B4CCDE4-1570-49D1-9869-ADD2B9B66C86}
	EndGlobalSection
EndGlobal
